# THIS IS AN AUTOGENERATED FILE. DO NOT EDIT THIS FILE DIRECTLY.
# yarn lockfile v1


csv-parse@^5.3.6:
  version "5.3.6"
  resolved "https://registry.yarnpkg.com/csv-parse/-/csv-parse-5.3.6.tgz#181d7c12300a60684bb51261ea9a5c3135ba8688"
  integrity sha512-WI330GjCuEioK/ii8HM2YE/eV+ynpeLvU+RXw4R8bRU8R0laK5zO3fDsc4gH8s472e3Ga38rbIjCAiQh+tEHkw==
